// !$*UTF8*$!
{
	archiveVersion = 1;
	classes = {
	};
	objectVersion = 50;
	objects = {

/* Begin PBXBuildFile section */
		652A22D022D49C4100483EF2 /* BoogleGridView.m in Sources */ = {isa = PBXBuildFile; fileRef = 652A22CF22D49C4100483EF2 /* BoogleGridView.m */; };
		65669E5322D1DB7A00DD230E /* AppDelegate.m in Sources */ = {isa = PBXBuildFile; fileRef = 65669E5222D1DB7A00DD230E /* AppDelegate.m */; };
		65669E5622D1DB7A00DD230E /* ViewController.m in Sources */ = {isa = PBXBuildFile; fileRef = 65669E5522D1DB7A00DD230E /* ViewController.m */; };
		65669E5922D1DB7A00DD230E /* Main.storyboard in Resources */ = {isa = PBXBuildFile; fileRef = 65669E5722D1DB7A00DD230E /* Main.storyboard */; };
		65669E5B22D1DB7B00DD230E /* Assets.xcassets in Resources */ = {isa = PBXBuildFile; fileRef = 65669E5A22D1DB7B00DD230E /* Assets.xcassets */; };
		65669E5E22D1DB7B00DD230E /* LaunchScreen.storyboard in Resources */ = {isa = PBXBuildFile; fileRef = 65669E5C22D1DB7B00DD230E /* LaunchScreen.storyboard */; };
		65669E6122D1DB7B00DD230E /* main.m in Sources */ = {isa = PBXBuildFile; fileRef = 65669E6022D1DB7B00DD230E /* main.m */; };
		65F5C29822D2157B0092353E /* BoogleDiceView.m in Sources */ = {isa = PBXBuildFile; fileRef = 65F5C29722D2157B0092353E /* BoogleDiceView.m */; };
/* End PBXBuildFile section */

/* Begin PBXFileReference section */
		652A22CE22D49C4100483EF2 /* BoogleGridView.h */ = {isa = PBXFileReference; lastKnownFileType = sourcecode.c.h; name = BoogleGridView.h; path = Views/BoogleGridView.h; sourceTree = "<group>"; };
		652A22CF22D49C4100483EF2 /* BoogleGridView.m */ = {isa = PBXFileReference; lastKnownFileType = sourcecode.c.objc; name = BoogleGridView.m; path = Views/BoogleGridView.m; sourceTree = "<group>"; };
		654A50E123F9CF2D0085ABF7 /* Resources */ = {isa = PBXFileReference; lastKnownFileType = folder; path = Resources; sourceTree = "<group>"; };
		654A50E523F9D1600085ABF7 /* Boogle.entitlements */ = {isa = PBXFileReference; lastKnownFileType = text.plist.entitlements; path = Boogle.entitlements; sourceTree = "<group>"; };
		65669E4E22D1DB7A00DD230E /* Boogle.app */ = {isa = PBXFileReference; explicitFileType = wrapper.application; includeInIndex = 0; path = Boogle.app; sourceTree = BUILT_PRODUCTS_DIR; };
		65669E5122D1DB7A00DD230E /* AppDelegate.h */ = {isa = PBXFileReference; lastKnownFileType = sourcecode.c.h; path = AppDelegate.h; sourceTree = "<group>"; };
		65669E5222D1DB7A00DD230E /* AppDelegate.m */ = {isa = PBXFileReference; lastKnownFileType = sourcecode.c.objc; path = AppDelegate.m; sourceTree = "<group>"; };
		65669E5422D1DB7A00DD230E /* ViewController.h */ = {isa = PBXFileReference; lastKnownFileType = sourcecode.c.h; path = ViewController.h; sourceTree = "<group>"; };
		65669E5522D1DB7A00DD230E /* ViewController.m */ = {isa = PBXFileReference; lastKnownFileType = sourcecode.c.objc; path = ViewController.m; sourceTree = "<group>"; };
		65669E5822D1DB7A00DD230E /* Base */ = {isa = PBXFileReference; lastKnownFileType = file.storyboard; name = Base; path = Base.lproj/Main.storyboard; sourceTree = "<group>"; };
		65669E5A22D1DB7B00DD230E /* Assets.xcassets */ = {isa = PBXFileReference; lastKnownFileType = folder.assetcatalog; path = Assets.xcassets; sourceTree = "<group>"; };
		65669E5D22D1DB7B00DD230E /* Base */ = {isa = PBXFileReference; lastKnownFileType = file.storyboard; name = Base; path = Base.lproj/LaunchScreen.storyboard; sourceTree = "<group>"; };
		65669E5F22D1DB7B00DD230E /* Info.plist */ = {isa = PBXFileReference; lastKnownFileType = text.plist.xml; path = Info.plist; sourceTree = "<group>"; };
		65669E6022D1DB7B00DD230E /* main.m */ = {isa = PBXFileReference; lastKnownFileType = sourcecode.c.objc; path = main.m; sourceTree = "<group>"; };
		65F5C29622D2157B0092353E /* BoogleDiceView.h */ = {isa = PBXFileReference; lastKnownFileType = sourcecode.c.h; name = BoogleDiceView.h; path = Views/BoogleDiceView.h; sourceTree = "<group>"; };
		65F5C29722D2157B0092353E /* BoogleDiceView.m */ = {isa = PBXFileReference; lastKnownFileType = sourcecode.c.objc; name = BoogleDiceView.m; path = Views/BoogleDiceView.m; sourceTree = "<group>"; };
/* End PBXFileReference section */

/* Begin PBXFrameworksBuildPhase section */
		65669E4B22D1DB7A00DD230E /* Frameworks */ = {
			isa = PBXFrameworksBuildPhase;
			buildActionMask = 2147483647;
			files = (
			);
			runOnlyForDeploymentPostprocessing = 0;
		};
/* End PBXFrameworksBuildPhase section */

/* Begin PBXGroup section */
		65669E4522D1DB7A00DD230E = {
			isa = PBXGroup;
			children = (
				65669E5022D1DB7A00DD230E /* Boogle */,
				65669E4F22D1DB7A00DD230E /* Products */,
			);
			sourceTree = "<group>";
		};
		65669E4F22D1DB7A00DD230E /* Products */ = {
			isa = PBXGroup;
			children = (
				65669E4E22D1DB7A00DD230E /* Boogle.app */,
			);
			name = Products;
			sourceTree = "<group>";
		};
		65669E5022D1DB7A00DD230E /* Boogle */ = {
			isa = PBXGroup;
			children = (
				654A50E523F9D1600085ABF7 /* Boogle.entitlements */,
				654A50E123F9CF2D0085ABF7 /* Resources */,
				65669E5122D1DB7A00DD230E /* AppDelegate.h */,
				65669E5222D1DB7A00DD230E /* AppDelegate.m */,
				65669E5422D1DB7A00DD230E /* ViewController.h */,
				65669E5522D1DB7A00DD230E /* ViewController.m */,
				652A22CE22D49C4100483EF2 /* BoogleGridView.h */,
				652A22CF22D49C4100483EF2 /* BoogleGridView.m */,
				65F5C29622D2157B0092353E /* BoogleDiceView.h */,
				65F5C29722D2157B0092353E /* BoogleDiceView.m */,
				65669E5722D1DB7A00DD230E /* Main.storyboard */,
				65669E5A22D1DB7B00DD230E /* Assets.xcassets */,
				65669E5C22D1DB7B00DD230E /* LaunchScreen.storyboard */,
				65669E5F22D1DB7B00DD230E /* Info.plist */,
				65669E6022D1DB7B00DD230E /* main.m */,
			);
			path = Boogle;
			sourceTree = "<group>";
		};
/* End PBXGroup section */

/* Begin PBXNativeTarget section */
		65669E4D22D1DB7A00DD230E /* Boogle */ = {
			isa = PBXNativeTarget;
			buildConfigurationList = 65669E6422D1DB7B00DD230E /* Build configuration list for PBXNativeTarget "Boogle" */;
			buildPhases = (
				65669E4A22D1DB7A00DD230E /* Sources */,
				65669E4B22D1DB7A00DD230E /* Frameworks */,
				65669E4C22D1DB7A00DD230E /* Resources */,
			);
			buildRules = (
			);
			dependencies = (
			);
			name = Boogle;
			productName = Boogle;
			productReference = 65669E4E22D1DB7A00DD230E /* Boogle.app */;
			productType = "com.apple.product-type.application";
		};
/* End PBXNativeTarget section */

/* Begin PBXProject section */
		65669E4622D1DB7A00DD230E /* Project object */ = {
			isa = PBXProject;
			attributes = {
				LastUpgradeCheck = 1020;
				ORGANIZATIONNAME = Boogie;
				TargetAttributes = {
					65669E4D22D1DB7A00DD230E = {
						CreatedOnToolsVersion = 10.2.1;
					};
				};
			};
			buildConfigurationList = 65669E4922D1DB7A00DD230E /* Build configuration list for PBXProject "Boogle" */;
			compatibilityVersion = "Xcode 9.3";
			developmentRegion = en;
			hasScannedForEncodings = 0;
			knownRegions = (
				en,
				Base,
			);
			mainGroup = 65669E4522D1DB7A00DD230E;
			productRefGroup = 65669E4F22D1DB7A00DD230E /* Products */;
			projectDirPath = "";
			projectRoot = "";
			targets = (
				65669E4D22D1DB7A00DD230E /* Boogle */,
			);
		};
/* End PBXProject section */

/* Begin PBXResourcesBuildPhase section */
		65669E4C22D1DB7A00DD230E /* Resources */ = {
			isa = PBXResourcesBuildPhase;
			buildActionMask = 2147483647;
			files = (
				65669E5E22D1DB7B00DD230E /* LaunchScreen.storyboard in Resources */,
				65669E5B22D1DB7B00DD230E /* Assets.xcassets in Resources */,
				65669E5922D1DB7A00DD230E /* Main.storyboard in Resources */,
			);
			runOnlyForDeploymentPostprocessing = 0;
		};
/* End PBXResourcesBuildPhase section */

/* Begin PBXSourcesBuildPhase section */
		65669E4A22D1DB7A00DD230E /* Sources */ = {
			isa = PBXSourcesBuildPhase;
			buildActionMask = 2147483647;
			files = (
				65F5C29822D2157B0092353E /* BoogleDiceView.m in Sources */,
				652A22D022D49C4100483EF2 /* BoogleGridView.m in Sources */,
				65669E5622D1DB7A00DD230E /* ViewController.m in Sources */,
				65669E6122D1DB7B00DD230E /* main.m in Sources */,
				65669E5322D1DB7A00DD230E /* AppDelegate.m in Sources */,
			);
			runOnlyForDeploymentPostprocessing = 0;
		};
/* End PBXSourcesBuildPhase section */

/* Begin PBXVariantGroup section */
		65669E5722D1DB7A00DD230E /* Main.storyboard */ = {
			isa = PBXVariantGroup;
			children = (
				65669E5822D1DB7A00DD230E /* Base */,
			);
			name = Main.storyboard;
			sourceTree = "<group>";
		};
		65669E5C22D1DB7B00DD230E /* LaunchScreen.storyboard */ = {
			isa = PBXVariantGroup;
			children = (
				65669E5D22D1DB7B00DD230E /* Base */,
			);
			name = LaunchScreen.storyboard;
			sourceTree = "<group>";
		};
/* End PBXVariantGroup section */

/* Begin XCBuildConfiguration section */
		65669E6222D1DB7B00DD230E /* Debug */ = {
			isa = XCBuildConfiguration;
			buildSettings = {
				ALWAYS_SEARCH_USER_PATHS = NO;
				CLANG_ANALYZER_NONNULL = YES;
				CLANG_ANALYZER_NUMBER_OBJECT_CONVERSION = YES_AGGRESSIVE;
				CLANG_CXX_LANGUAGE_STANDARD = "gnu++14";
				CLANG_CXX_LIBRARY = "libc++";
				CLANG_ENABLE_MODULES = YES;
				CLANG_ENABLE_OBJC_ARC = YES;
				CLANG_ENABLE_OBJC_WEAK = YES;
				CLANG_WARN_BLOCK_CAPTURE_AUTORELEASING = YES;
				CLANG_WARN_BOOL_CONVERSION = YES;
				CLANG_WARN_COMMA = YES;
				CLANG_WARN_CONSTANT_CONVERSION = YES;
				CLANG_WARN_DEPRECATED_OBJC_IMPLEMENTATIONS = YES;
				CLANG_WARN_DIRECT_OBJC_ISA_USAGE = YES_ERROR;
				CLANG_WARN_DOCUMENTATION_COMMENTS = YES;
				CLANG_WARN_EMPTY_BODY = YES;
				CLANG_WARN_ENUM_CONVERSION = YES;
				CLANG_WARN_INFINITE_RECURSION = YES;
				CLANG_WARN_INT_CONVERSION = YES;
				CLANG_WARN_NON_LITERAL_NULL_CONVERSION = YES;
				CLANG_WARN_OBJC_IMPLICIT_RETAIN_SELF = YES;
				CLANG_WARN_OBJC_LITERAL_CONVERSION = YES;
				CLANG_WARN_OBJC_ROOT_CLASS = YES_ERROR;
				CLANG_WARN_RANGE_LOOP_ANALYSIS = YES;
				CLANG_WARN_STRICT_PROTOTYPES = YES;
				CLANG_WARN_SUSPICIOUS_MOVE = YES;
				CLANG_WARN_UNGUARDED_AVAILABILITY = YES_AGGRESSIVE;
				CLANG_WARN_UNREACHABLE_CODE = YES;
				CLANG_WARN__DUPLICATE_METHOD_MATCH = YES;
				CODE_SIGN_IDENTITY = "iPhone Developer";
				COPY_PHASE_STRIP = NO;
				DEBUG_INFORMATION_FORMAT = dwarf;
				ENABLE_STRICT_OBJC_MSGSEND = YES;
				ENABLE_TESTABILITY = YES;
				GCC_C_LANGUAGE_STANDARD = gnu11;
				GCC_DYNAMIC_NO_PIC = NO;
				GCC_NO_COMMON_BLOCKS = YES;
				GCC_OPTIMIZATION_LEVEL = 0;
				GCC_PREPROCESSOR_DEFINITIONS = (
					"DEBUG=1",
					"$(inherited)",
				);
				GCC_WARN_64_TO_32_BIT_CONVERSION = YES;
				GCC_WARN_ABOUT_RETURN_TYPE = YES_ERROR;
				GCC_WARN_UNDECLARED_SELECTOR = YES;
				GCC_WARN_UNINITIALIZED_AUTOS = YES_AGGRESSIVE;
				GCC_WARN_UNUSED_FUNCTION = YES;
				GCC_WARN_UNUSED_VARIABLE = YES;
				IPHONEOS_DEPLOYMENT_TARGET = 12.2;
				MTL_ENABLE_DEBUG_INFO = INCLUDE_SOURCE;
				MTL_FAST_MATH = YES;
				ONLY_ACTIVE_ARCH = YES;
				SDKROOT = iphoneos;
			};
			name = Debug;
		};
		65669E6322D1DB7B00DD230E /* Release */ = {
			isa = XCBuildConfiguration;
			buildSettings = {
				ALWAYS_SEARCH_USER_PATHS = NO;
				CLANG_ANALYZER_NONNULL = YES;
				CLANG_ANALYZER_NUMBER_OBJECT_CONVERSION = YES_AGGRESSIVE;
				CLANG_CXX_LANGUAGE_STANDARD = "gnu++14";
				CLANG_CXX_LIBRARY = "libc++";
				CLANG_ENABLE_MODULES = YES;
				CLANG_ENABLE_OBJC_ARC = YES;
				CLANG_ENABLE_OBJC_WEAK = YES;
				CLANG_WARN_BLOCK_CAPTURE_AUTORELEASING = YES;
				CLANG_WARN_BOOL_CONVERSION = YES;
				CLANG_WARN_COMMA = YES;
				CLANG_WARN_CONSTANT_CONVERSION = YES;
				CLANG_WARN_DEPRECATED_OBJC_IMPLEMENTATIONS = YES;
				CLANG_WARN_DIRECT_OBJC_ISA_USAGE = YES_ERROR;
				CLANG_WARN_DOCUMENTATION_COMMENTS = YES;
				CLANG_WARN_EMPTY_BODY = YES;
				CLANG_WARN_ENUM_CONVERSION = YES;
				CLANG_WARN_INFINITE_RECURSION = YES;
				CLANG_WARN_INT_CONVERSION = YES;
				CLANG_WARN_NON_LITERAL_NULL_CONVERSION = YES;
				CLANG_WARN_OBJC_IMPLICIT_RETAIN_SELF = YES;
				CLANG_WARN_OBJC_LITERAL_CONVERSION = YES;
				CLANG_WARN_OBJC_ROOT_CLASS = YES_ERROR;
				CLANG_WARN_RANGE_LOOP_ANALYSIS = YES;
				CLANG_WARN_STRICT_PROTOTYPES = YES;
				CLANG_WARN_SUSPICIOUS_MOVE = YES;
				CLANG_WARN_UNGUARDED_AVAILABILITY = YES_AGGRESSIVE;
				CLANG_WARN_UNREACHABLE_CODE = YES;
				CLANG_WARN__DUPLICATE_METHOD_MATCH = YES;
				CODE_SIGN_IDENTITY = "iPhone Developer";
				COPY_PHASE_STRIP = NO;
				DEBUG_INFORMATION_FORMAT = "dwarf-with-dsym";
				ENABLE_NS_ASSERTIONS = NO;
				ENABLE_STRICT_OBJC_MSGSEND = YES;
				GCC_C_LANGUAGE_STANDARD = gnu11;
				GCC_NO_COMMON_BLOCKS = YES;
				GCC_WARN_64_TO_32_BIT_CONVERSION = YES;
				GCC_WARN_ABOUT_RETURN_TYPE = YES_ERROR;
				GCC_WARN_UNDECLARED_SELECTOR = YES;
				GCC_WARN_UNINITIALIZED_AUTOS = YES_AGGRESSIVE;
				GCC_WARN_UNUSED_FUNCTION = YES;
				GCC_WARN_UNUSED_VARIABLE = YES;
				IPHONEOS_DEPLOYMENT_TARGET = 12.2;
				MTL_ENABLE_DEBUG_INFO = NO;
				MTL_FAST_MATH = YES;
				SDKROOT = iphoneos;
				VALIDATE_PRODUCT = YES;
			};
			name = Release;
		};
		65669E6522D1DB7B00DD230E /* Debug */ = {
			isa = XCBuildConfiguration;
			buildSettings = {
				ASSETCATALOG_COMPILER_APPICON_NAME = AppIcon;
				CODE_SIGN_ENTITLEMENTS = Boogle/Boogle.entitlements;
				CODE_SIGN_IDENTITY = "iPhone Distribution";
				CODE_SIGN_STYLE = Manual;
				DEVELOPMENT_TEAM = 97E485EJMW;
				INFOPLIST_FILE = Boogle/Info.plist;
				LD_RUNPATH_SEARCH_PATHS = (
					"$(inherited)",
					"@executable_path/Frameworks",
				);
				PRODUCT_BUNDLE_IDENTIFIER = fm.cactus.boogle;
				PRODUCT_NAME = "$(TARGET_NAME)";
				PROVISIONING_PROFILE_SPECIFIER = boogle;
				SUPPORTS_MACCATALYST = NO;
				TARGETED_DEVICE_FAMILY = 1;
			};
			name = Debug;
		};
		65669E6622D1DB7B00DD230E /* Release */ = {
			isa = XCBuildConfiguration;
			buildSettings = {
				ASSETCATALOG_COMPILER_APPICON_NAME = AppIcon;
				CODE_SIGN_ENTITLEMENTS = Boogle/Boogle.entitlements;
				CODE_SIGN_IDENTITY = "iPhone Distribution";
				CODE_SIGN_STYLE = Manual;
				DEVELOPMENT_TEAM = 97E485EJMW;
				INFOPLIST_FILE = Boogle/Info.plist;
				LD_RUNPATH_SEARCH_PATHS = (
					"$(inherited)",
					"@executable_path/Frameworks",
				);
				PRODUCT_BUNDLE_IDENTIFIER = fm.cactus.boogle;
				PRODUCT_NAME = "$(TARGET_NAME)";
				PROVISIONING_PROFILE_SPECIFIER = boogle;
				SUPPORTS_MACCATALYST = NO;
				TARGETED_DEVICE_FAMILY = 1;
			};
			name = Release;
		};
/* End XCBuildConfiguration section */

/* Begin XCConfigurationList section */
		65669E4922D1DB7A00DD230E /* Build configuration list for PBXProject "Boogle" */ = {
			isa = XCConfigurationList;
			buildConfigurations = (
				65669E6222D1DB7B00DD230E /* Debug */,
				65669E6322D1DB7B00DD230E /* Release */,
			);
			defaultConfigurationIsVisible = 0;
			defaultConfigurationName = Release;
		};
		65669E6422D1DB7B00DD230E /* Build configuration list for PBXNativeTarget "Boogle" */ = {
			isa = XCConfigurationList;
			buildConfigurations = (
				65669E6522D1DB7B00DD230E /* Debug */,
				65669E6622D1DB7B00DD230E /* Release */,
			);
			defaultConfigurationIsVisible = 0;
			defaultConfigurationName = Release;
		};
/* End XCConfigurationList section */
	};
	rootObject = 65669E4622D1DB7A00DD230E /* Project object */;
}
